
Microsoft Visual Studio Solution File, Format Version 12.00
# Visual Studio Version 16
VisualStudioVersion = 16.0.31829.152
MinimumVisualStudioVersion = 10.0.40219.1
Project("{FAE04EC0-301F-11D3-BF4B-00C04F79EFBC}") = "UserDataApi", "UserDataApi\UserDataApi.csproj", "{8B526CCC-9CDF-48A5-8C36-1616981A650C}"
EndProject
Global
	GlobalSection(SolutionConfigurationPlatforms) = preSolution
		Debug|Any CPU = Debug|Any CPU
		Release|Any CPU = Release|Any CPU
	EndGlobalSection
	GlobalSection(ProjectConfigurationPlatforms) = postSolution
		{8B526CCC-9CDF-48A5-8C36-1616981A650C}.Debug|Any CPU.ActiveCfg = Debug|Any CPU
		{8B526CCC-9CDF-48A5-8C36-1616981A650C}.Debug|Any CPU.Build.0 = Debug|Any CPU
		{8B526CCC-9CDF-48A5-8C36-1616981A650C}.Release|Any CPU.ActiveCfg = Release|Any CPU
		{8B526CCC-9CDF-48A5-8C36-1616981A650C}.Release|Any CPU.Build.0 = Release|Any CPU
	EndGlobalSection
	GlobalSection(SolutionProperties) = preSolution
		HideSolutionNode = FALSE
	EndGlobalSection
	GlobalSection(ExtensibilityGlobals) = postSolution
		SolutionGuid = {7C7E5BC7-0390-43D4-8695-22DB1BF379AA}
	EndGlobalSection
EndGlobal
