
Microsoft Visual Studio Solution File, Format Version 12.00
# Visual Studio Version 16
VisualStudioVersion = 16.0.31829.152
MinimumVisualStudioVersion = 10.0.40219.1
Project("{9A19103F-16F7-4668-BE54-9A1E7A4F7556}") = "PublicCarsApi", "PublicCarsApi\PublicCarsApi.csproj", "{57962827-BA31-4416-A40F-3B2546B49A95}"
EndProject
Project("{FAE04EC0-301F-11D3-BF4B-00C04F79EFBC}") = "PublicCarsApi.UnitTests", "PublicCarsApi.UnitTests\PublicCarsApi.UnitTests.csproj", "{9E72328B-731C-4B45-B7E5-4E45F8C48464}"
EndProject
Global
	GlobalSection(SolutionConfigurationPlatforms) = preSolution
		Debug|Any CPU = Debug|Any CPU
		Release|Any CPU = Release|Any CPU
	EndGlobalSection
	GlobalSection(ProjectConfigurationPlatforms) = postSolution
		{57962827-BA31-4416-A40F-3B2546B49A95}.Debug|Any CPU.ActiveCfg = Debug|Any CPU
		{57962827-BA31-4416-A40F-3B2546B49A95}.Debug|Any CPU.Build.0 = Debug|Any CPU
		{57962827-BA31-4416-A40F-3B2546B49A95}.Release|Any CPU.ActiveCfg = Release|Any CPU
		{57962827-BA31-4416-A40F-3B2546B49A95}.Release|Any CPU.Build.0 = Release|Any CPU
		{9E72328B-731C-4B45-B7E5-4E45F8C48464}.Debug|Any CPU.ActiveCfg = Debug|Any CPU
		{9E72328B-731C-4B45-B7E5-4E45F8C48464}.Debug|Any CPU.Build.0 = Debug|Any CPU
		{9E72328B-731C-4B45-B7E5-4E45F8C48464}.Release|Any CPU.ActiveCfg = Release|Any CPU
		{9E72328B-731C-4B45-B7E5-4E45F8C48464}.Release|Any CPU.Build.0 = Release|Any CPU
	EndGlobalSection
	GlobalSection(SolutionProperties) = preSolution
		HideSolutionNode = FALSE
	EndGlobalSection
	GlobalSection(ExtensibilityGlobals) = postSolution
		SolutionGuid = {4B29B4CC-7E19-4B56-A89D-9549FF1CC228}
	EndGlobalSection
EndGlobal
